// !$*UTF8*$!
{
	archiveVersion = 1;
	classes = {
	};
	objectVersion = 50;
	objects = {

/* Begin PBXBuildFile section */
		B955E4CE26537E07004E6FD4 /* Tree.swift in Sources */ = {isa = PBXBuildFile; fileRef = B955E4CD26537E07004E6FD4 /* Tree.swift */; };
		B955E4D2265384A9004E6FD4 /* DeepLink.swift in Sources */ = {isa = PBXBuildFile; fileRef = B955E4D1265384A9004E6FD4 /* DeepLink.swift */; };
		B9626B802652599E00252DAA /* AppDelegate.swift in Sources */ = {isa = PBXBuildFile; fileRef = B9626B7F2652599E00252DAA /* AppDelegate.swift */; };
		B9626B872652599E00252DAA /* Main.storyboard in Resources */ = {isa = PBXBuildFile; fileRef = B9626B852652599E00252DAA /* Main.storyboard */; };
		B9626B892652599F00252DAA /* Assets.xcassets in Resources */ = {isa = PBXBuildFile; fileRef = B9626B882652599F00252DAA /* Assets.xcassets */; };
		B9626B8C2652599F00252DAA /* LaunchScreen.storyboard in Resources */ = {isa = PBXBuildFile; fileRef = B9626B8A2652599F00252DAA /* LaunchScreen.storyboard */; };
		B9626BA026525A7600252DAA /* StoryboardIdentifiable.swift in Sources */ = {isa = PBXBuildFile; fileRef = B9626B9426525A7600252DAA /* StoryboardIdentifiable.swift */; };
		B9626BA126525A7600252DAA /* NibIdentifiable.swift in Sources */ = {isa = PBXBuildFile; fileRef = B9626B9526525A7600252DAA /* NibIdentifiable.swift */; };
		B9626BA226525A7600252DAA /* UIViewController+Utils.swift in Sources */ = {isa = PBXBuildFile; fileRef = B9626B9626525A7600252DAA /* UIViewController+Utils.swift */; };
		B9626BA326525A7600252DAA /* AppCoordinator.swift in Sources */ = {isa = PBXBuildFile; fileRef = B9626B9826525A7600252DAA /* AppCoordinator.swift */; };
		B9626BA426525A7600252DAA /* LoginCoordinator.swift in Sources */ = {isa = PBXBuildFile; fileRef = B9626B9926525A7600252DAA /* LoginCoordinator.swift */; };
		B9626BA526525A7600252DAA /* HomeCoordinator.swift in Sources */ = {isa = PBXBuildFile; fileRef = B9626B9A26525A7600252DAA /* HomeCoordinator.swift */; };
		B9626BA626525A7600252DAA /* Coordinator.swift in Sources */ = {isa = PBXBuildFile; fileRef = B9626B9B26525A7600252DAA /* Coordinator.swift */; };
		B9626BA726525A7600252DAA /* AppViewController.swift in Sources */ = {isa = PBXBuildFile; fileRef = B9626B9D26525A7600252DAA /* AppViewController.swift */; };
		B9626BA826525A7600252DAA /* HomeViewController.swift in Sources */ = {isa = PBXBuildFile; fileRef = B9626B9E26525A7600252DAA /* HomeViewController.swift */; };
		B9626BA926525A7600252DAA /* LoginViewController.swift in Sources */ = {isa = PBXBuildFile; fileRef = B9626B9F26525A7600252DAA /* LoginViewController.swift */; };
		B9D66042265C83EF0055CF59 /* Stack.swift in Sources */ = {isa = PBXBuildFile; fileRef = B9D66041265C83EF0055CF59 /* Stack.swift */; };
		B9D66044265CBAF20055CF59 /* BaseCoordinator.swift in Sources */ = {isa = PBXBuildFile; fileRef = B9D66043265CBAF20055CF59 /* BaseCoordinator.swift */; };
		B9D66046265CC1510055CF59 /* SignUpViewController.swift in Sources */ = {isa = PBXBuildFile; fileRef = B9D66045265CC1510055CF59 /* SignUpViewController.swift */; };
		B9D66048265CC1910055CF59 /* SignUpCoordinator.swift in Sources */ = {isa = PBXBuildFile; fileRef = B9D66047265CC1910055CF59 /* SignUpCoordinator.swift */; };
/* End PBXBuildFile section */

/* Begin PBXFileReference section */
		B955E4CD26537E07004E6FD4 /* Tree.swift */ = {isa = PBXFileReference; lastKnownFileType = sourcecode.swift; path = Tree.swift; sourceTree = "<group>"; };
		B955E4D1265384A9004E6FD4 /* DeepLink.swift */ = {isa = PBXFileReference; lastKnownFileType = sourcecode.swift; path = DeepLink.swift; sourceTree = "<group>"; };
		B9626B7C2652599E00252DAA /* Coordinator.app */ = {isa = PBXFileReference; explicitFileType = wrapper.application; includeInIndex = 0; path = Coordinator.app; sourceTree = BUILT_PRODUCTS_DIR; };
		B9626B7F2652599E00252DAA /* AppDelegate.swift */ = {isa = PBXFileReference; lastKnownFileType = sourcecode.swift; path = AppDelegate.swift; sourceTree = "<group>"; };
		B9626B862652599E00252DAA /* Base */ = {isa = PBXFileReference; lastKnownFileType = file.storyboard; name = Base; path = Base.lproj/Main.storyboard; sourceTree = "<group>"; };
		B9626B882652599F00252DAA /* Assets.xcassets */ = {isa = PBXFileReference; lastKnownFileType = folder.assetcatalog; path = Assets.xcassets; sourceTree = "<group>"; };
		B9626B8B2652599F00252DAA /* Base */ = {isa = PBXFileReference; lastKnownFileType = file.storyboard; name = Base; path = Base.lproj/LaunchScreen.storyboard; sourceTree = "<group>"; };
		B9626B8D2652599F00252DAA /* Info.plist */ = {isa = PBXFileReference; lastKnownFileType = text.plist.xml; path = Info.plist; sourceTree = "<group>"; };
		B9626B9426525A7600252DAA /* StoryboardIdentifiable.swift */ = {isa = PBXFileReference; fileEncoding = 4; lastKnownFileType = sourcecode.swift; path = StoryboardIdentifiable.swift; sourceTree = "<group>"; };
		B9626B9526525A7600252DAA /* NibIdentifiable.swift */ = {isa = PBXFileReference; fileEncoding = 4; lastKnownFileType = sourcecode.swift; path = NibIdentifiable.swift; sourceTree = "<group>"; };
		B9626B9626525A7600252DAA /* UIViewController+Utils.swift */ = {isa = PBXFileReference; fileEncoding = 4; lastKnownFileType = sourcecode.swift; path = "UIViewController+Utils.swift"; sourceTree = "<group>"; };
		B9626B9826525A7600252DAA /* AppCoordinator.swift */ = {isa = PBXFileReference; fileEncoding = 4; lastKnownFileType = sourcecode.swift; path = AppCoordinator.swift; sourceTree = "<group>"; };
		B9626B9926525A7600252DAA /* LoginCoordinator.swift */ = {isa = PBXFileReference; fileEncoding = 4; lastKnownFileType = sourcecode.swift; path = LoginCoordinator.swift; sourceTree = "<group>"; };
		B9626B9A26525A7600252DAA /* HomeCoordinator.swift */ = {isa = PBXFileReference; fileEncoding = 4; lastKnownFileType = sourcecode.swift; path = HomeCoordinator.swift; sourceTree = "<group>"; };
		B9626B9B26525A7600252DAA /* Coordinator.swift */ = {isa = PBXFileReference; fileEncoding = 4; lastKnownFileType = sourcecode.swift; path = Coordinator.swift; sourceTree = "<group>"; };
		B9626B9D26525A7600252DAA /* AppViewController.swift */ = {isa = PBXFileReference; fileEncoding = 4; lastKnownFileType = sourcecode.swift; path = AppViewController.swift; sourceTree = "<group>"; };
		B9626B9E26525A7600252DAA /* HomeViewController.swift */ = {isa = PBXFileReference; fileEncoding = 4; lastKnownFileType = sourcecode.swift; path = HomeViewController.swift; sourceTree = "<group>"; };
		B9626B9F26525A7600252DAA /* LoginViewController.swift */ = {isa = PBXFileReference; fileEncoding = 4; lastKnownFileType = sourcecode.swift; path = LoginViewController.swift; sourceTree = "<group>"; };
		B9D66041265C83EF0055CF59 /* Stack.swift */ = {isa = PBXFileReference; lastKnownFileType = sourcecode.swift; path = Stack.swift; sourceTree = "<group>"; };
		B9D66043265CBAF20055CF59 /* BaseCoordinator.swift */ = {isa = PBXFileReference; lastKnownFileType = sourcecode.swift; path = BaseCoordinator.swift; sourceTree = "<group>"; };
		B9D66045265CC1510055CF59 /* SignUpViewController.swift */ = {isa = PBXFileReference; lastKnownFileType = sourcecode.swift; path = SignUpViewController.swift; sourceTree = "<group>"; };
		B9D66047265CC1910055CF59 /* SignUpCoordinator.swift */ = {isa = PBXFileReference; lastKnownFileType = sourcecode.swift; path = SignUpCoordinator.swift; sourceTree = "<group>"; };
/* End PBXFileReference section */

/* Begin PBXFrameworksBuildPhase section */
		B9626B792652599E00252DAA /* Frameworks */ = {
			isa = PBXFrameworksBuildPhase;
			buildActionMask = 2147483647;
			files = (
			);
			runOnlyForDeploymentPostprocessing = 0;
		};
/* End PBXFrameworksBuildPhase section */

/* Begin PBXGroup section */
		B955E4C826535DB1004E6FD4 /* Core */ = {
			isa = PBXGroup;
			children = (
				B955E4D1265384A9004E6FD4 /* DeepLink.swift */,
				B9626B9B26525A7600252DAA /* Coordinator.swift */,
				B9D66043265CBAF20055CF59 /* BaseCoordinator.swift */,
			);
			path = Core;
			sourceTree = "<group>";
		};
		B9626B732652599E00252DAA = {
			isa = PBXGroup;
			children = (
				B9626B7E2652599E00252DAA /* Coordinator */,
				B9626B7D2652599E00252DAA /* Products */,
			);
			sourceTree = "<group>";
		};
		B9626B7D2652599E00252DAA /* Products */ = {
			isa = PBXGroup;
			children = (
				B9626B7C2652599E00252DAA /* Coordinator.app */,
			);
			name = Products;
			sourceTree = "<group>";
		};
		B9626B7E2652599E00252DAA /* Coordinator */ = {
			isa = PBXGroup;
			children = (
				B9626B7F2652599E00252DAA /* AppDelegate.swift */,
				B9626B9726525A7600252DAA /* Coordinators */,
				B9626B9C26525A7600252DAA /* Views */,
				B9626B9326525A7600252DAA /* Utils */,
				B9626B852652599E00252DAA /* Main.storyboard */,
				B9626B882652599F00252DAA /* Assets.xcassets */,
				B9626B8A2652599F00252DAA /* LaunchScreen.storyboard */,
				B9626B8D2652599F00252DAA /* Info.plist */,
			);
			path = Coordinator;
			sourceTree = "<group>";
		};
		B9626B9326525A7600252DAA /* Utils */ = {
			isa = PBXGroup;
			children = (
				B9626B9426525A7600252DAA /* StoryboardIdentifiable.swift */,
				B9626B9526525A7600252DAA /* NibIdentifiable.swift */,
				B9626B9626525A7600252DAA /* UIViewController+Utils.swift */,
				B955E4CD26537E07004E6FD4 /* Tree.swift */,
				B9D66041265C83EF0055CF59 /* Stack.swift */,
			);
			path = Utils;
			sourceTree = "<group>";
		};
		B9626B9726525A7600252DAA /* Coordinators */ = {
			isa = PBXGroup;
			children = (
				B955E4C826535DB1004E6FD4 /* Core */,
				B9626B9826525A7600252DAA /* AppCoordinator.swift */,
				B9626B9926525A7600252DAA /* LoginCoordinator.swift */,
				B9626B9A26525A7600252DAA /* HomeCoordinator.swift */,
				B9D66047265CC1910055CF59 /* SignUpCoordinator.swift */,
			);
			path = Coordinators;
			sourceTree = "<group>";
		};
		B9626B9C26525A7600252DAA /* Views */ = {
			isa = PBXGroup;
			children = (
				B9626B9D26525A7600252DAA /* AppViewController.swift */,
				B9626B9F26525A7600252DAA /* LoginViewController.swift */,
				B9626B9E26525A7600252DAA /* HomeViewController.swift */,
				B9D66045265CC1510055CF59 /* SignUpViewController.swift */,
			);
			path = Views;
			sourceTree = "<group>";
		};
/* End PBXGroup section */

/* Begin PBXNativeTarget section */
		B9626B7B2652599E00252DAA /* Coordinator */ = {
			isa = PBXNativeTarget;
			buildConfigurationList = B9626B902652599F00252DAA /* Build configuration list for PBXNativeTarget "Coordinator" */;
			buildPhases = (
				B9626B782652599E00252DAA /* Sources */,
				B9626B792652599E00252DAA /* Frameworks */,
				B9626B7A2652599E00252DAA /* Resources */,
			);
			buildRules = (
			);
			dependencies = (
			);
			name = Coordinator;
			productName = Coordinator;
			productReference = B9626B7C2652599E00252DAA /* Coordinator.app */;
			productType = "com.apple.product-type.application";
		};
/* End PBXNativeTarget section */

/* Begin PBXProject section */
		B9626B742652599E00252DAA /* Project object */ = {
			isa = PBXProject;
			attributes = {
				LastSwiftUpdateCheck = 1250;
				LastUpgradeCheck = 1250;
				TargetAttributes = {
					B9626B7B2652599E00252DAA = {
						CreatedOnToolsVersion = 12.5;
					};
				};
			};
			buildConfigurationList = B9626B772652599E00252DAA /* Build configuration list for PBXProject "Coordinator" */;
			compatibilityVersion = "Xcode 9.3";
			developmentRegion = en;
			hasScannedForEncodings = 0;
			knownRegions = (
				en,
				Base,
			);
			mainGroup = B9626B732652599E00252DAA;
			productRefGroup = B9626B7D2652599E00252DAA /* Products */;
			projectDirPath = "";
			projectRoot = "";
			targets = (
				B9626B7B2652599E00252DAA /* Coordinator */,
			);
		};
/* End PBXProject section */

/* Begin PBXResourcesBuildPhase section */
		B9626B7A2652599E00252DAA /* Resources */ = {
			isa = PBXResourcesBuildPhase;
			buildActionMask = 2147483647;
			files = (
				B9626B8C2652599F00252DAA /* LaunchScreen.storyboard in Resources */,
				B9626B892652599F00252DAA /* Assets.xcassets in Resources */,
				B9626B872652599E00252DAA /* Main.storyboard in Resources */,
			);
			runOnlyForDeploymentPostprocessing = 0;
		};
/* End PBXResourcesBuildPhase section */

/* Begin PBXSourcesBuildPhase section */
		B9626B782652599E00252DAA /* Sources */ = {
			isa = PBXSourcesBuildPhase;
			buildActionMask = 2147483647;
			files = (
				B9626BA926525A7600252DAA /* LoginViewController.swift in Sources */,
				B9D66042265C83EF0055CF59 /* Stack.swift in Sources */,
				B9626BA726525A7600252DAA /* AppViewController.swift in Sources */,
				B9626BA326525A7600252DAA /* AppCoordinator.swift in Sources */,
				B955E4D2265384A9004E6FD4 /* DeepLink.swift in Sources */,
				B9626BA426525A7600252DAA /* LoginCoordinator.swift in Sources */,
				B9626BA126525A7600252DAA /* NibIdentifiable.swift in Sources */,
				B9626B802652599E00252DAA /* AppDelegate.swift in Sources */,
				B955E4CE26537E07004E6FD4 /* Tree.swift in Sources */,
				B9D66048265CC1910055CF59 /* SignUpCoordinator.swift in Sources */,
				B9626BA526525A7600252DAA /* HomeCoordinator.swift in Sources */,
				B9D66046265CC1510055CF59 /* SignUpViewController.swift in Sources */,
				B9626BA826525A7600252DAA /* HomeViewController.swift in Sources */,
				B9626BA026525A7600252DAA /* StoryboardIdentifiable.swift in Sources */,
				B9626BA226525A7600252DAA /* UIViewController+Utils.swift in Sources */,
				B9626BA626525A7600252DAA /* Coordinator.swift in Sources */,
				B9D66044265CBAF20055CF59 /* BaseCoordinator.swift in Sources */,
			);
			runOnlyForDeploymentPostprocessing = 0;
		};
/* End PBXSourcesBuildPhase section */

/* Begin PBXVariantGroup section */
		B9626B852652599E00252DAA /* Main.storyboard */ = {
			isa = PBXVariantGroup;
			children = (
				B9626B862652599E00252DAA /* Base */,
			);
			name = Main.storyboard;
			sourceTree = "<group>";
		};
		B9626B8A2652599F00252DAA /* LaunchScreen.storyboard */ = {
			isa = PBXVariantGroup;
			children = (
				B9626B8B2652599F00252DAA /* Base */,
			);
			name = LaunchScreen.storyboard;
			sourceTree = "<group>";
		};
/* End PBXVariantGroup section */

/* Begin XCBuildConfiguration section */
		B9626B8E2652599F00252DAA /* Debug */ = {
			isa = XCBuildConfiguration;
			buildSettings = {
				ALWAYS_SEARCH_USER_PATHS = NO;
				CLANG_ANALYZER_NONNULL = YES;
				CLANG_ANALYZER_NUMBER_OBJECT_CONVERSION = YES_AGGRESSIVE;
				CLANG_CXX_LANGUAGE_STANDARD = "gnu++14";
				CLANG_CXX_LIBRARY = "libc++";
				CLANG_ENABLE_MODULES = YES;
				CLANG_ENABLE_OBJC_ARC = YES;
				CLANG_ENABLE_OBJC_WEAK = YES;
				CLANG_WARN_BLOCK_CAPTURE_AUTORELEASING = YES;
				CLANG_WARN_BOOL_CONVERSION = YES;
				CLANG_WARN_COMMA = YES;
				CLANG_WARN_CONSTANT_CONVERSION = YES;
				CLANG_WARN_DEPRECATED_OBJC_IMPLEMENTATIONS = YES;
				CLANG_WARN_DIRECT_OBJC_ISA_USAGE = YES_ERROR;
				CLANG_WARN_DOCUMENTATION_COMMENTS = YES;
				CLANG_WARN_EMPTY_BODY = YES;
				CLANG_WARN_ENUM_CONVERSION = YES;
				CLANG_WARN_INFINITE_RECURSION = YES;
				CLANG_WARN_INT_CONVERSION = YES;
				CLANG_WARN_NON_LITERAL_NULL_CONVERSION = YES;
				CLANG_WARN_OBJC_IMPLICIT_RETAIN_SELF = YES;
				CLANG_WARN_OBJC_LITERAL_CONVERSION = YES;
				CLANG_WARN_OBJC_ROOT_CLASS = YES_ERROR;
				CLANG_WARN_QUOTED_INCLUDE_IN_FRAMEWORK_HEADER = YES;
				CLANG_WARN_RANGE_LOOP_ANALYSIS = YES;
				CLANG_WARN_STRICT_PROTOTYPES = YES;
				CLANG_WARN_SUSPICIOUS_MOVE = YES;
				CLANG_WARN_UNGUARDED_AVAILABILITY = YES_AGGRESSIVE;
				CLANG_WARN_UNREACHABLE_CODE = YES;
				CLANG_WARN__DUPLICATE_METHOD_MATCH = YES;
				COPY_PHASE_STRIP = NO;
				DEBUG_INFORMATION_FORMAT = dwarf;
				ENABLE_STRICT_OBJC_MSGSEND = YES;
				ENABLE_TESTABILITY = YES;
				GCC_C_LANGUAGE_STANDARD = gnu11;
				GCC_DYNAMIC_NO_PIC = NO;
				GCC_NO_COMMON_BLOCKS = YES;
				GCC_OPTIMIZATION_LEVEL = 0;
				GCC_PREPROCESSOR_DEFINITIONS = (
					"DEBUG=1",
					"$(inherited)",
				);
				GCC_WARN_64_TO_32_BIT_CONVERSION = YES;
				GCC_WARN_ABOUT_RETURN_TYPE = YES_ERROR;
				GCC_WARN_UNDECLARED_SELECTOR = YES;
				GCC_WARN_UNINITIALIZED_AUTOS = YES_AGGRESSIVE;
				GCC_WARN_UNUSED_FUNCTION = YES;
				GCC_WARN_UNUSED_VARIABLE = YES;
				IPHONEOS_DEPLOYMENT_TARGET = 14.5;
				MTL_ENABLE_DEBUG_INFO = INCLUDE_SOURCE;
				MTL_FAST_MATH = YES;
				ONLY_ACTIVE_ARCH = YES;
				SDKROOT = iphoneos;
				SWIFT_ACTIVE_COMPILATION_CONDITIONS = DEBUG;
				SWIFT_OPTIMIZATION_LEVEL = "-Onone";
			};
			name = Debug;
		};
		B9626B8F2652599F00252DAA /* Release */ = {
			isa = XCBuildConfiguration;
			buildSettings = {
				ALWAYS_SEARCH_USER_PATHS = NO;
				CLANG_ANALYZER_NONNULL = YES;
				CLANG_ANALYZER_NUMBER_OBJECT_CONVERSION = YES_AGGRESSIVE;
				CLANG_CXX_LANGUAGE_STANDARD = "gnu++14";
				CLANG_CXX_LIBRARY = "libc++";
				CLANG_ENABLE_MODULES = YES;
				CLANG_ENABLE_OBJC_ARC = YES;
				CLANG_ENABLE_OBJC_WEAK = YES;
				CLANG_WARN_BLOCK_CAPTURE_AUTORELEASING = YES;
				CLANG_WARN_BOOL_CONVERSION = YES;
				CLANG_WARN_COMMA = YES;
				CLANG_WARN_CONSTANT_CONVERSION = YES;
				CLANG_WARN_DEPRECATED_OBJC_IMPLEMENTATIONS = YES;
				CLANG_WARN_DIRECT_OBJC_ISA_USAGE = YES_ERROR;
				CLANG_WARN_DOCUMENTATION_COMMENTS = YES;
				CLANG_WARN_EMPTY_BODY = YES;
				CLANG_WARN_ENUM_CONVERSION = YES;
				CLANG_WARN_INFINITE_RECURSION = YES;
				CLANG_WARN_INT_CONVERSION = YES;
				CLANG_WARN_NON_LITERAL_NULL_CONVERSION = YES;
				CLANG_WARN_OBJC_IMPLICIT_RETAIN_SELF = YES;
				CLANG_WARN_OBJC_LITERAL_CONVERSION = YES;
				CLANG_WARN_OBJC_ROOT_CLASS = YES_ERROR;
				CLANG_WARN_QUOTED_INCLUDE_IN_FRAMEWORK_HEADER = YES;
				CLANG_WARN_RANGE_LOOP_ANALYSIS = YES;
				CLANG_WARN_STRICT_PROTOTYPES = YES;
				CLANG_WARN_SUSPICIOUS_MOVE = YES;
				CLANG_WARN_UNGUARDED_AVAILABILITY = YES_AGGRESSIVE;
				CLANG_WARN_UNREACHABLE_CODE = YES;
				CLANG_WARN__DUPLICATE_METHOD_MATCH = YES;
				COPY_PHASE_STRIP = NO;
				DEBUG_INFORMATION_FORMAT = "dwarf-with-dsym";
				ENABLE_NS_ASSERTIONS = NO;
				ENABLE_STRICT_OBJC_MSGSEND = YES;
				GCC_C_LANGUAGE_STANDARD = gnu11;
				GCC_NO_COMMON_BLOCKS = YES;
				GCC_WARN_64_TO_32_BIT_CONVERSION = YES;
				GCC_WARN_ABOUT_RETURN_TYPE = YES_ERROR;
				GCC_WARN_UNDECLARED_SELECTOR = YES;
				GCC_WARN_UNINITIALIZED_AUTOS = YES_AGGRESSIVE;
				GCC_WARN_UNUSED_FUNCTION = YES;
				GCC_WARN_UNUSED_VARIABLE = YES;
				IPHONEOS_DEPLOYMENT_TARGET = 14.5;
				MTL_ENABLE_DEBUG_INFO = NO;
				MTL_FAST_MATH = YES;
				SDKROOT = iphoneos;
				SWIFT_COMPILATION_MODE = wholemodule;
				SWIFT_OPTIMIZATION_LEVEL = "-O";
				VALIDATE_PRODUCT = YES;
			};
			name = Release;
		};
		B9626B912652599F00252DAA /* Debug */ = {
			isa = XCBuildConfiguration;
			buildSettings = {
				ASSETCATALOG_COMPILER_APPICON_NAME = AppIcon;
				ASSETCATALOG_COMPILER_GLOBAL_ACCENT_COLOR_NAME = AccentColor;
				CODE_SIGN_STYLE = Automatic;
				DEVELOPMENT_TEAM = CZCPKKF6X2;
				INFOPLIST_FILE = Coordinator/Info.plist;
				LD_RUNPATH_SEARCH_PATHS = (
					"$(inherited)",
					"@executable_path/Frameworks",
				);
				PRODUCT_BUNDLE_IDENTIFIER = com.cyberlogitec.Coordinator;
				PRODUCT_NAME = "$(TARGET_NAME)";
				SWIFT_VERSION = 5.0;
				TARGETED_DEVICE_FAMILY = "1,2";
			};
			name = Debug;
		};
		B9626B922652599F00252DAA /* Release */ = {
			isa = XCBuildConfiguration;
			buildSettings = {
				ASSETCATALOG_COMPILER_APPICON_NAME = AppIcon;
				ASSETCATALOG_COMPILER_GLOBAL_ACCENT_COLOR_NAME = AccentColor;
				CODE_SIGN_STYLE = Automatic;
				DEVELOPMENT_TEAM = CZCPKKF6X2;
				INFOPLIST_FILE = Coordinator/Info.plist;
				LD_RUNPATH_SEARCH_PATHS = (
					"$(inherited)",
					"@executable_path/Frameworks",
				);
				PRODUCT_BUNDLE_IDENTIFIER = com.cyberlogitec.Coordinator;
				PRODUCT_NAME = "$(TARGET_NAME)";
				SWIFT_VERSION = 5.0;
				TARGETED_DEVICE_FAMILY = "1,2";
			};
			name = Release;
		};
/* End XCBuildConfiguration section */

/* Begin XCConfigurationList section */
		B9626B772652599E00252DAA /* Build configuration list for PBXProject "Coordinator" */ = {
			isa = XCConfigurationList;
			buildConfigurations = (
				B9626B8E2652599F00252DAA /* Debug */,
				B9626B8F2652599F00252DAA /* Release */,
			);
			defaultConfigurationIsVisible = 0;
			defaultConfigurationName = Release;
		};
		B9626B902652599F00252DAA /* Build configuration list for PBXNativeTarget "Coordinator" */ = {
			isa = XCConfigurationList;
			buildConfigurations = (
				B9626B912652599F00252DAA /* Debug */,
				B9626B922652599F00252DAA /* Release */,
			);
			defaultConfigurationIsVisible = 0;
			defaultConfigurationName = Release;
		};
/* End XCConfigurationList section */
	};
	rootObject = B9626B742652599E00252DAA /* Project object */;
}
